
Microsoft Visual Studio Solution File, Format Version 12.00
# Visual Studio Version 16
VisualStudioVersion = 16.0.30523.141
MinimumVisualStudioVersion = 10.0.40219.1
Project("{FAE04EC0-301F-11D3-BF4B-00C04F79EFBC}") = "PacketSniffer", "PacketSniffer.csproj", "{B89204FD-5714-4781-8BC9-63DB77833C9B}"
EndProject
Global
	GlobalSection(SolutionConfigurationPlatforms) = preSolution
		Debug|Any CPU = Debug|Any CPU
		Release|Any CPU = Release|Any CPU
	EndGlobalSection
	GlobalSection(ProjectConfigurationPlatforms) = postSolution
		{B89204FD-5714-4781-8BC9-63DB77833C9B}.Debug|Any CPU.ActiveCfg = Debug|Any CPU
		{B89204FD-5714-4781-8BC9-63DB77833C9B}.Debug|Any CPU.Build.0 = Debug|Any CPU
		{B89204FD-5714-4781-8BC9-63DB77833C9B}.Release|Any CPU.ActiveCfg = Release|Any CPU
		{B89204FD-5714-4781-8BC9-63DB77833C9B}.Release|Any CPU.Build.0 = Release|Any CPU
	EndGlobalSection
	GlobalSection(SolutionProperties) = preSolution
		HideSolutionNode = FALSE
	EndGlobalSection
	GlobalSection(ExtensibilityGlobals) = postSolution
		SolutionGuid = {582EDAD2-9BA3-4816-9541-0C503AF2D289}
	EndGlobalSection
EndGlobal
